{
  "version": 4,
  "terraform_version": "1.6.0",
  "serial": 13,
  "lineage": "1521d691-66e2-1c14-a24a-2c5f0f2e8175",
  "outputs": {},
  "resources": [
    {
      "mode": "data",
      "type": "azurerm_subscription",
      "name": "primary",
      "provider": "provider[\"registry.terraform.io/hashicorp/azurerm\"]",
      "instances": [
        {
          "schema_version": 0,
          "attributes": {
            "display_name": "Visual Studio Enterprise Subscription",
            "id": "/subscriptions/f8db0501-e2fe-49e4-abfa-e70745b53732",
            "location_placement_id": "Public_2014-09-01",
            "quota_id": "MSDN_2014-09-01",
            "spending_limit": "On",
            "state": "Enabled",
            "subscription_id": "f8db0501-e2fe-49e4-abfa-e70745b53732",
            "tags": {},
            "tenant_id": "25f0918c-9e0d-4b24-975f-cd91e6b937ef",
            "timeouts": null
          },
          "sensitive_attributes": []
        }
      ]
    },
    {
      "mode": "managed",
      "type": "azurerm_resource_group",
      "name": "dns_rg",
      "provider": "provider[\"registry.terraform.io/hashicorp/azurerm\"]",
      "instances": [
        {
          "schema_version": 0,
          "attributes": {
            "id": "/subscriptions/f8db0501-e2fe-49e4-abfa-e70745b53732/resourceGroups/for_private_dns",
            "location": "eastus",
            "name": "for_private_dns",
            "tags": null,
            "timeouts": null
          },
          "sensitive_attributes": [],
          "private": "eyJlMmJmYjczMC1lY2FhLTExZTYtOGY4OC0zNDM2M2JjN2M0YzAiOnsiY3JlYXRlIjo1NDAwMDAwMDAwMDAwLCJkZWxldGUiOjU0MDAwMDAwMDAwMDAsInJlYWQiOjMwMDAwMDAwMDAwMCwidXBkYXRlIjo1NDAwMDAwMDAwMDAwfX0="
        }
      ]
    },
    {
      "mode": "managed",
      "type": "azurerm_role_assignment",
      "name": "dns_role_assignment",
      "provider": "provider[\"registry.terraform.io/hashicorp/azurerm\"]",
      "instances": [
        {
          "schema_version": 0,
          "attributes": {
            "condition": "",
            "condition_version": "",
            "delegated_managed_identity_resource_id": "",
            "description": "",
            "id": "/subscriptions/f8db0501-e2fe-49e4-abfa-e70745b53732/providers/Microsoft.Authorization/roleAssignments/c8d9d014-b8c2-0212-0a12-dd0001fc27b2",
            "name": "c8d9d014-b8c2-0212-0a12-dd0001fc27b2",
            "principal_id": "352a9093-b334-47b2-b366-8384b50c4571",
            "principal_type": "ServicePrincipal",
            "role_definition_id": "/subscriptions/f8db0501-e2fe-49e4-abfa-e70745b53732/providers/Microsoft.Authorization/roleDefinitions/13618dd8-d96e-4169-8318-a6772a23f7f3",
            "role_definition_name": "CustomPrivateDNSZoneManageRole",
            "scope": "/subscriptions/f8db0501-e2fe-49e4-abfa-e70745b53732",
            "skip_service_principal_aad_check": null,
            "timeouts": null
          },
          "sensitive_attributes": [],
          "private": "eyJlMmJmYjczMC1lY2FhLTExZTYtOGY4OC0zNDM2M2JjN2M0YzAiOnsiY3JlYXRlIjoxODAwMDAwMDAwMDAwLCJkZWxldGUiOjE4MDAwMDAwMDAwMDAsInJlYWQiOjMwMDAwMDAwMDAwMCwidXBkYXRlIjoxODAwMDAwMDAwMDAwfX0=",
          "dependencies": [
            "azurerm_resource_group.dns_rg",
            "azurerm_role_definition.private_dns_zone_manage",
            "azurerm_user_assigned_identity.dns_user_id",
            "data.azurerm_subscription.primary"
          ]
        }
      ]
    },
    {
      "mode": "managed",
      "type": "azurerm_role_definition",
      "name": "private_dns_zone_manage",
      "provider": "provider[\"registry.terraform.io/hashicorp/azurerm\"]",
      "instances": [
        {
          "schema_version": 1,
          "attributes": {
            "assignable_scopes": [
              "/subscriptions/f8db0501-e2fe-49e4-abfa-e70745b53732"
            ],
            "description": "A custom role with read, write permissions to manage the Private DNS Zone",
            "id": "/subscriptions/f8db0501-e2fe-49e4-abfa-e70745b53732/providers/Microsoft.Authorization/roleDefinitions/13618dd8-d96e-4169-8318-a6772a23f7f3|/subscriptions/f8db0501-e2fe-49e4-abfa-e70745b53732",
            "name": "CustomPrivateDNSZoneManageRole",
            "permissions": [
              {
                "actions": [
                  "Microsoft.Network/privateDnsZones/read",
                  "Microsoft.Network/privateDnsZones/write"
                ],
                "data_actions": null,
                "not_actions": null,
                "not_data_actions": null
              }
            ],
            "role_definition_id": "13618dd8-d96e-4169-8318-a6772a23f7f3",
            "role_definition_resource_id": "/subscriptions/f8db0501-e2fe-49e4-abfa-e70745b53732/providers/Microsoft.Authorization/roleDefinitions/13618dd8-d96e-4169-8318-a6772a23f7f3",
            "scope": "/subscriptions/f8db0501-e2fe-49e4-abfa-e70745b53732",
            "timeouts": null
          },
          "sensitive_attributes": [],
          "private": "eyJlMmJmYjczMC1lY2FhLTExZTYtOGY4OC0zNDM2M2JjN2M0YzAiOnsiY3JlYXRlIjoxODAwMDAwMDAwMDAwLCJkZWxldGUiOjE4MDAwMDAwMDAwMDAsInJlYWQiOjMwMDAwMDAwMDAwMCwidXBkYXRlIjozNjAwMDAwMDAwMDAwfSwic2NoZW1hX3ZlcnNpb24iOiIxIn0=",
          "dependencies": [
            "data.azurerm_subscription.primary"
          ]
        }
      ]
    },
    {
      "mode": "managed",
      "type": "azurerm_user_assigned_identity",
      "name": "dns_user_id",
      "provider": "provider[\"registry.terraform.io/hashicorp/azurerm\"]",
      "instances": [
        {
          "schema_version": 1,
          "attributes": {
            "client_id": "e58e6aa8-9a74-4ed1-ab55-02906bf42cfb",
            "id": "/subscriptions/f8db0501-e2fe-49e4-abfa-e70745b53732/resourceGroups/for_private_dns/providers/Microsoft.ManagedIdentity/userAssignedIdentities/private_dns_role",
            "location": "eastus",
            "name": "private_dns_role",
            "principal_id": "352a9093-b334-47b2-b366-8384b50c4571",
            "resource_group_name": "for_private_dns",
            "tags": null,
            "tenant_id": "25f0918c-9e0d-4b24-975f-cd91e6b937ef",
            "timeouts": null
          },
          "sensitive_attributes": [],
          "private": "eyJlMmJmYjczMC1lY2FhLTExZTYtOGY4OC0zNDM2M2JjN2M0YzAiOnsiY3JlYXRlIjoxODAwMDAwMDAwMDAwLCJkZWxldGUiOjE4MDAwMDAwMDAwMDAsInJlYWQiOjMwMDAwMDAwMDAwMCwidXBkYXRlIjoxODAwMDAwMDAwMDAwfSwic2NoZW1hX3ZlcnNpb24iOiIxIn0=",
          "dependencies": [
            "azurerm_resource_group.dns_rg"
          ]
        }
      ]
    }
  ],
  "check_results": null
}
